
Microsoft Visual Studio Solution File, Format Version 12.00
# Visual Studio Version 16
VisualStudioVersion = 16.0.30011.22
MinimumVisualStudioVersion = 10.0.40219.1
Project("{FAE04EC0-301F-11D3-BF4B-00C04F79EFBC}") = "RestaurantRater", "RestaurantRater\RestaurantRater.csproj", "{FCB956F2-87E4-442E-922D-0616B1DB0839}"
EndProject
Global
	GlobalSection(SolutionConfigurationPlatforms) = preSolution
		Debug|Any CPU = Debug|Any CPU
		Release|Any CPU = Release|Any CPU
	EndGlobalSection
	GlobalSection(ProjectConfigurationPlatforms) = postSolution
		{FCB956F2-87E4-442E-922D-0616B1DB0839}.Debug|Any CPU.ActiveCfg = Debug|Any CPU
		{FCB956F2-87E4-442E-922D-0616B1DB0839}.Debug|Any CPU.Build.0 = Debug|Any CPU
		{FCB956F2-87E4-442E-922D-0616B1DB0839}.Release|Any CPU.ActiveCfg = Release|Any CPU
		{FCB956F2-87E4-442E-922D-0616B1DB0839}.Release|Any CPU.Build.0 = Release|Any CPU
	EndGlobalSection
	GlobalSection(SolutionProperties) = preSolution
		HideSolutionNode = FALSE
	EndGlobalSection
	GlobalSection(ExtensibilityGlobals) = postSolution
		SolutionGuid = {930AD9ED-E8E6-42D3-9AE0-165A61F2F948}
	EndGlobalSection
EndGlobal
